
Microsoft Visual Studio Solution File, Format Version 12.00
# Visual Studio 15
VisualStudioVersion = 15.0.27130.2024
MinimumVisualStudioVersion = 10.0.40219.1
Project("{E24C65DC-7377-472B-9ABA-BC803B73C61A}") = "CatchEggsGame", "CatchEggsGame\", "{4315C8AB-072D-40F4-AEBD-C849D90BB4B7}"
	ProjectSection(WebsiteProperties) = preProject
		TargetFrameworkMoniker = ".NETFramework,Version%3Dv4.6.1"
		Debug.AspNetCompiler.VirtualPath = "/localhost_55769"
		Debug.AspNetCompiler.PhysicalPath = "CatchEggsGame\"
		Debug.AspNetCompiler.TargetPath = "PrecompiledWeb\localhost_55769\"
		Debug.AspNetCompiler.Updateable = "true"
		Debug.AspNetCompiler.ForceOverwrite = "true"
		Debug.AspNetCompiler.FixedNames = "false"
		Debug.AspNetCompiler.Debug = "True"
		Release.AspNetCompiler.VirtualPath = "/localhost_55769"
		Release.AspNetCompiler.PhysicalPath = "CatchEggsGame\"
		Release.AspNetCompiler.TargetPath = "PrecompiledWeb\localhost_55769\"
		Release.AspNetCompiler.Updateable = "true"
		Release.AspNetCompiler.ForceOverwrite = "true"
		Release.AspNetCompiler.FixedNames = "false"
		Release.AspNetCompiler.Debug = "False"
		VWDPort = "55769"
		SlnRelativePath = "CatchEggsGame\"
		DefaultWebSiteLanguage = "Visual C#"
	EndProjectSection
EndProject
Global
	GlobalSection(SolutionConfigurationPlatforms) = preSolution
		Debug|Any CPU = Debug|Any CPU
	EndGlobalSection
	GlobalSection(ProjectConfigurationPlatforms) = postSolution
		{4315C8AB-072D-40F4-AEBD-C849D90BB4B7}.Debug|Any CPU.ActiveCfg = Debug|Any CPU
		{4315C8AB-072D-40F4-AEBD-C849D90BB4B7}.Debug|Any CPU.Build.0 = Debug|Any CPU
	EndGlobalSection
	GlobalSection(SolutionProperties) = preSolution
		HideSolutionNode = FALSE
	EndGlobalSection
	GlobalSection(ExtensibilityGlobals) = postSolution
		SolutionGuid = {25AB5136-A163-4DFE-A4E2-76D820AC466A}
	EndGlobalSection
EndGlobal
